
Microsoft Visual Studio Solution File, Format Version 12.00
# Visual Studio 15
VisualStudioVersion = 15.0.26124.0
MinimumVisualStudioVersion = 15.0.26124.0
Project("{FAE04EC0-301F-11D3-BF4B-00C04F79EFBC}") = "Domain", "Domain\Domain.csproj", "{25FCED4B-BF0D-4B04-9B2D-108CA950AAA7}"
EndProject
Project("{FAE04EC0-301F-11D3-BF4B-00C04F79EFBC}") = "Application", "Application\Application.csproj", "{1DC066E5-744F-4987-B81F-8D25204C39DD}"
EndProject
Project("{FAE04EC0-301F-11D3-BF4B-00C04F79EFBC}") = "Persistence", "Persistence\Persistence.csproj", "{C960CDBA-0F44-44C9-AA9D-659755A38CA4}"
EndProject
Project("{FAE04EC0-301F-11D3-BF4B-00C04F79EFBC}") = "API", "API\API.csproj", "{5974E9FF-0D19-47BB-A312-AC0C05561FAF}"
EndProject
Global
	GlobalSection(SolutionConfigurationPlatforms) = preSolution
		Debug|Any CPU = Debug|Any CPU
		Debug|x64 = Debug|x64
		Debug|x86 = Debug|x86
		Release|Any CPU = Release|Any CPU
		Release|x64 = Release|x64
		Release|x86 = Release|x86
	EndGlobalSection
	GlobalSection(SolutionProperties) = preSolution
		HideSolutionNode = FALSE
	EndGlobalSection
	GlobalSection(ProjectConfigurationPlatforms) = postSolution
		{25FCED4B-BF0D-4B04-9B2D-108CA950AAA7}.Debug|Any CPU.ActiveCfg = Debug|Any CPU
		{25FCED4B-BF0D-4B04-9B2D-108CA950AAA7}.Debug|Any CPU.Build.0 = Debug|Any CPU
		{25FCED4B-BF0D-4B04-9B2D-108CA950AAA7}.Debug|x64.ActiveCfg = Debug|Any CPU
		{25FCED4B-BF0D-4B04-9B2D-108CA950AAA7}.Debug|x64.Build.0 = Debug|Any CPU
		{25FCED4B-BF0D-4B04-9B2D-108CA950AAA7}.Debug|x86.ActiveCfg = Debug|Any CPU
		{25FCED4B-BF0D-4B04-9B2D-108CA950AAA7}.Debug|x86.Build.0 = Debug|Any CPU
		{25FCED4B-BF0D-4B04-9B2D-108CA950AAA7}.Release|Any CPU.ActiveCfg = Release|Any CPU
		{25FCED4B-BF0D-4B04-9B2D-108CA950AAA7}.Release|Any CPU.Build.0 = Release|Any CPU
		{25FCED4B-BF0D-4B04-9B2D-108CA950AAA7}.Release|x64.ActiveCfg = Release|Any CPU
		{25FCED4B-BF0D-4B04-9B2D-108CA950AAA7}.Release|x64.Build.0 = Release|Any CPU
		{25FCED4B-BF0D-4B04-9B2D-108CA950AAA7}.Release|x86.ActiveCfg = Release|Any CPU
		{25FCED4B-BF0D-4B04-9B2D-108CA950AAA7}.Release|x86.Build.0 = Release|Any CPU
		{1DC066E5-744F-4987-B81F-8D25204C39DD}.Debug|Any CPU.ActiveCfg = Debug|Any CPU
		{1DC066E5-744F-4987-B81F-8D25204C39DD}.Debug|Any CPU.Build.0 = Debug|Any CPU
		{1DC066E5-744F-4987-B81F-8D25204C39DD}.Debug|x64.ActiveCfg = Debug|Any CPU
		{1DC066E5-744F-4987-B81F-8D25204C39DD}.Debug|x64.Build.0 = Debug|Any CPU
		{1DC066E5-744F-4987-B81F-8D25204C39DD}.Debug|x86.ActiveCfg = Debug|Any CPU
		{1DC066E5-744F-4987-B81F-8D25204C39DD}.Debug|x86.Build.0 = Debug|Any CPU
		{1DC066E5-744F-4987-B81F-8D25204C39DD}.Release|Any CPU.ActiveCfg = Release|Any CPU
		{1DC066E5-744F-4987-B81F-8D25204C39DD}.Release|Any CPU.Build.0 = Release|Any CPU
		{1DC066E5-744F-4987-B81F-8D25204C39DD}.Release|x64.ActiveCfg = Release|Any CPU
		{1DC066E5-744F-4987-B81F-8D25204C39DD}.Release|x64.Build.0 = Release|Any CPU
		{1DC066E5-744F-4987-B81F-8D25204C39DD}.Release|x86.ActiveCfg = Release|Any CPU
		{1DC066E5-744F-4987-B81F-8D25204C39DD}.Release|x86.Build.0 = Release|Any CPU
		{C960CDBA-0F44-44C9-AA9D-659755A38CA4}.Debug|Any CPU.ActiveCfg = Debug|Any CPU
		{C960CDBA-0F44-44C9-AA9D-659755A38CA4}.Debug|Any CPU.Build.0 = Debug|Any CPU
		{C960CDBA-0F44-44C9-AA9D-659755A38CA4}.Debug|x64.ActiveCfg = Debug|Any CPU
		{C960CDBA-0F44-44C9-AA9D-659755A38CA4}.Debug|x64.Build.0 = Debug|Any CPU
		{C960CDBA-0F44-44C9-AA9D-659755A38CA4}.Debug|x86.ActiveCfg = Debug|Any CPU
		{C960CDBA-0F44-44C9-AA9D-659755A38CA4}.Debug|x86.Build.0 = Debug|Any CPU
		{C960CDBA-0F44-44C9-AA9D-659755A38CA4}.Release|Any CPU.ActiveCfg = Release|Any CPU
		{C960CDBA-0F44-44C9-AA9D-659755A38CA4}.Release|Any CPU.Build.0 = Release|Any CPU
		{C960CDBA-0F44-44C9-AA9D-659755A38CA4}.Release|x64.ActiveCfg = Release|Any CPU
		{C960CDBA-0F44-44C9-AA9D-659755A38CA4}.Release|x64.Build.0 = Release|Any CPU
		{C960CDBA-0F44-44C9-AA9D-659755A38CA4}.Release|x86.ActiveCfg = Release|Any CPU
		{C960CDBA-0F44-44C9-AA9D-659755A38CA4}.Release|x86.Build.0 = Release|Any CPU
		{5974E9FF-0D19-47BB-A312-AC0C05561FAF}.Debug|Any CPU.ActiveCfg = Debug|Any CPU
		{5974E9FF-0D19-47BB-A312-AC0C05561FAF}.Debug|Any CPU.Build.0 = Debug|Any CPU
		{5974E9FF-0D19-47BB-A312-AC0C05561FAF}.Debug|x64.ActiveCfg = Debug|Any CPU
		{5974E9FF-0D19-47BB-A312-AC0C05561FAF}.Debug|x64.Build.0 = Debug|Any CPU
		{5974E9FF-0D19-47BB-A312-AC0C05561FAF}.Debug|x86.ActiveCfg = Debug|Any CPU
		{5974E9FF-0D19-47BB-A312-AC0C05561FAF}.Debug|x86.Build.0 = Debug|Any CPU
		{5974E9FF-0D19-47BB-A312-AC0C05561FAF}.Release|Any CPU.ActiveCfg = Release|Any CPU
		{5974E9FF-0D19-47BB-A312-AC0C05561FAF}.Release|Any CPU.Build.0 = Release|Any CPU
		{5974E9FF-0D19-47BB-A312-AC0C05561FAF}.Release|x64.ActiveCfg = Release|Any CPU
		{5974E9FF-0D19-47BB-A312-AC0C05561FAF}.Release|x64.Build.0 = Release|Any CPU
		{5974E9FF-0D19-47BB-A312-AC0C05561FAF}.Release|x86.ActiveCfg = Release|Any CPU
		{5974E9FF-0D19-47BB-A312-AC0C05561FAF}.Release|x86.Build.0 = Release|Any CPU
	EndGlobalSection
EndGlobal
